
Microsoft Visual Studio Solution File, Format Version 12.00
# Visual Studio 2013
VisualStudioVersion = 12.0.31101.0
MinimumVisualStudioVersion = 10.0.40219.1
Project("{FAE04EC0-301F-11D3-BF4B-00C04F79EFBC}") = "BinarySearchTree", "BinarySearchTree\BinarySearchTree.csproj", "{D81515A5-FF6B-4F2E-95B9-6ABC6FAB9B51}"
EndProject
Project("{2150E333-8FDC-42A3-9474-1A3956D46DE8}") = ".nuget", ".nuget", "{F7F104CC-B0BF-4025-B2C3-52F6511E82A4}"
EndProject
Global
	GlobalSection(SolutionConfigurationPlatforms) = preSolution
		Debug|Any CPU = Debug|Any CPU
		Release|Any CPU = Release|Any CPU
	EndGlobalSection
	GlobalSection(ProjectConfigurationPlatforms) = postSolution
		{D81515A5-FF6B-4F2E-95B9-6ABC6FAB9B51}.Debug|Any CPU.ActiveCfg = Debug|Any CPU
		{D81515A5-FF6B-4F2E-95B9-6ABC6FAB9B51}.Debug|Any CPU.Build.0 = Debug|Any CPU
		{D81515A5-FF6B-4F2E-95B9-6ABC6FAB9B51}.Release|Any CPU.ActiveCfg = Release|Any CPU
		{D81515A5-FF6B-4F2E-95B9-6ABC6FAB9B51}.Release|Any CPU.Build.0 = Release|Any CPU
	EndGlobalSection
	GlobalSection(SolutionProperties) = preSolution
		HideSolutionNode = FALSE
	EndGlobalSection
EndGlobal
